{
  "name": "zego-express-wxmini-sample",
  "version": "1.0.0",
  "lockfileVersion": 1,
  "requires": true,
  "dependencies": {
    "miniprogram-api-promise": {
      "version": "1.0.4",
      "resolved": "https://registry.npmjs.org/miniprogram-api-promise/-/miniprogram-api-promise-1.0.4.tgz",
      "integrity": "sha512-lS2ukj03Ugy8IJUDmdssklLT4kjzyRtVYwErhyDZkzxtqcxaed2xldRgNrsikigeMUBR9gAs7wgnjSKPlyKIYg=="
    },
    "zego-express-engine-miniprogram": {
      "version": "1.4.0",
      "resolved": "https://registry.npmjs.org/zego-express-engine-miniprogram/-/zego-express-engine-miniprogram-1.4.0.tgz",
      "integrity": "sha512-Y0a+SE+n2XYONQBMvqQ/4XFXj6BZ/ZF9LN3dThvxAjzlzBjYJjIcqdw4v+XKxcaJM7UuRzDIuSyrZzaDCX2fvQ=="
    }
  }
}
