{
  "name": "zego-express-wxmini-sample",
  "version": "1.0.0",
  "lockfileVersion": 1,
  "requires": true,
  "dependencies": {
    "miniprogram-api-promise": {
      "version": "1.0.4",
      "resolved": "https://registry.npmjs.org/miniprogram-api-promise/-/miniprogram-api-promise-1.0.4.tgz",
      "integrity": "sha512-lS2ukj03Ugy8IJUDmdssklLT4kjzyRtVYwErhyDZkzxtqcxaed2xldRgNrsikigeMUBR9gAs7wgnjSKPlyKIYg=="
    },
    "zego-express-engine-miniprogram": {
      "version": "1.5.1",
      "resolved": "https://registry.npm.taobao.org/zego-express-engine-miniprogram/download/zego-express-engine-miniprogram-1.5.1.tgz",
      "integrity": "sha1-vlbuOfoO85/tEj7yPVEE1QEHVd8="
    }
  }
}
