{
  "name": "zego-express-wxmini-sample",
  "version": "1.0.0",
  "lockfileVersion": 1,
  "requires": true,
  "dependencies": {
    "miniprogram-api-promise": {
      "version": "1.0.4",
      "resolved": "https://registry.npmjs.org/miniprogram-api-promise/-/miniprogram-api-promise-1.0.4.tgz",
      "integrity": "sha512-lS2ukj03Ugy8IJUDmdssklLT4kjzyRtVYwErhyDZkzxtqcxaed2xldRgNrsikigeMUBR9gAs7wgnjSKPlyKIYg=="
    },
    "zego-express-engine-miniprogram": {
      "version": "1.2.1",
      "resolved": "https://registry.npmjs.org/zego-express-engine-miniprogram/-/zego-express-engine-miniprogram-1.2.1.tgz",
      "integrity": "sha512-iZC/3KUaTJ7aDUz+TOULkcxG8Ri+qyMXQPlrwp5HXZmqHMkaO6IYKfgyoxht9hItbI0y1luRj2LKU0UzEq6eiQ=="
    }
  }
}
